
Microsoft Visual Studio Solution File, Format Version 12.00
# Visual Studio Version 16
VisualStudioVersion = 25.0.1703.0
MinimumVisualStudioVersion = 10.0.40219.1
Project("{FAE04EC0-301F-11D3-BF4B-00C04F79EFBC}") = "FormularioInscricao", "FormularioInscricao.csproj", "{3EFC382C-005F-4E20-B21C-15B7D4900EAA}"
EndProject
Global
	GlobalSection(SolutionConfigurationPlatforms) = preSolution
		Debug|Any CPU = Debug|Any CPU
		Release|Any CPU = Release|Any CPU
	EndGlobalSection
	GlobalSection(ProjectConfigurationPlatforms) = postSolution
		{3EFC382C-005F-4E20-B21C-15B7D4900EAA}.Debug|Any CPU.ActiveCfg = Debug|Any CPU
		{3EFC382C-005F-4E20-B21C-15B7D4900EAA}.Debug|Any CPU.Build.0 = Debug|Any CPU
		{3EFC382C-005F-4E20-B21C-15B7D4900EAA}.Release|Any CPU.ActiveCfg = Release|Any CPU
		{3EFC382C-005F-4E20-B21C-15B7D4900EAA}.Release|Any CPU.Build.0 = Release|Any CPU
	EndGlobalSection
	GlobalSection(SolutionProperties) = preSolution
		HideSolutionNode = FALSE
	EndGlobalSection
	GlobalSection(ExtensibilityGlobals) = postSolution
		SolutionGuid = {96EE3B38-F543-4D17-8306-BA1D136DBB21}
	EndGlobalSection
EndGlobal
